
Microsoft Visual Studio Solution File, Format Version 12.00
# Visual Studio Version 17
VisualStudioVersion = 17.0.31903.59
MinimumVisualStudioVersion = 10.0.40219.1
Project("{FAE04EC0-301F-11D3-BF4B-00C04F79EFBC}") = "TestingOpenGL", "TestingOpenGL.csproj", "{502979D1-EEE6-4A69-A808-A1B6D71EA1EA}"
EndProject
Global
	GlobalSection(SolutionConfigurationPlatforms) = preSolution
		Debug|Any CPU = Debug|Any CPU
		Release|Any CPU = Release|Any CPU
	EndGlobalSection
	GlobalSection(ProjectConfigurationPlatforms) = postSolution
		{502979D1-EEE6-4A69-A808-A1B6D71EA1EA}.Debug|Any CPU.ActiveCfg = Debug|Any CPU
		{502979D1-EEE6-4A69-A808-A1B6D71EA1EA}.Debug|Any CPU.Build.0 = Debug|Any CPU
		{502979D1-EEE6-4A69-A808-A1B6D71EA1EA}.Release|Any CPU.ActiveCfg = Release|Any CPU
		{502979D1-EEE6-4A69-A808-A1B6D71EA1EA}.Release|Any CPU.Build.0 = Release|Any CPU
	EndGlobalSection
	GlobalSection(SolutionProperties) = preSolution
		HideSolutionNode = FALSE
	EndGlobalSection
	GlobalSection(ExtensibilityGlobals) = postSolution
		SolutionGuid = {D68C763F-994E-481F-9623-271E2914F248}
	EndGlobalSection
EndGlobal
